blueprint:
  name: Media Volume Lock
  description: >
    # 🔒 Media Volume Lock

    **Version: 1.5**


    **Changelog v1.6 (06/09/2026) :** correctif — **le watchdog et l'escalade
    ne s'armaient pas si le volume était déjà hors cible au démarrage de HA.**
    Les deux sont des déclencheurs `template` avec `for:`, et un tel déclencheur
    ne tire que sur une *transition* du template vers vrai : s'il est déjà vrai
    quand le déclencheur est attaché, il ne tire jamais.

    **Mesuré le 06/09, avec contre-épreuve.** Instance Douche, cible 22 % :
    automation éteinte, volume porté à 60 %, automation rallumée — ce qui
    ré-attache les déclencheurs exactement comme au démarrage, template déjà
    vrai. Après 70 s (watchdog_seconds = 30), volume toujours à 60 % et
    `last_triggered` inchangé depuis la veille : l'automation n'avait pas
    tourné. Contre-épreuve immédiate : volume porté à 50 %, `vol_drift` tire,
    correction à 22 % en quelques secondes. L'automation fonctionne donc
    parfaitement — c'est bien l'armement du déclencheur `template` qui est en
    cause, et rien d'autre.

    **Ce que ça laissait passer.** Une dérive de volume qui survit à un
    redémarrage de HA n'était corrigée par personne : ni le watchdog, ni
    l'escalade. Il ne restait que la dérive événementielle, qui exige un
    *nouveau* changement de volume. Silence complet, y compris sur le canal
    d'alerte prévu pour ça. Scénario concret : une coupure réseau dégrade
    AirPlay, le volume dérive, HA redémarre dans l'intervalle.

    **Correctif** — un déclencheur `homeassistant: start`, routé vers la
    branche watchdog qui re-vérifie déjà elle-même que le volume est hors
    cible : au démarrage, si tout va bien, la condition est fausse et rien ne
    se passe. Un délai de `watchdog_seconds` précède la vérification, et
    uniquement pour ce déclencheur-là : quand HA annonce `start`, l'intégration
    du lecteur peut encore être en cours de connexion et l'entité
    `unavailable`, auquel cas la vérification tomberait dans le vide.
    C'est le même motif que la v5.11 de `threshold_alert.yaml`, éprouvé au banc
    sur ce blueprint frère.

    **Trouvé par l'audit externe du 05→06/09** (constat 05), qui l'avait
    correctement identifié comme un écart de couverture — cinq automations
    portaient déjà la leçon, celle-ci non — mais classé le mécanisme en
    *supposé*. La mesure ci-dessus le fait passer en *mesuré*.

    **Changelog v1.5 (05/09/2026) :** correctif — **l'escalade « volume bloqué »
    etait le seul fan-out de notification de l'installation sans
    `continue_on_error`, et c'est une boucle sequentielle.**

    La lecon du P0 du 16/08 — « un canal en panne ne doit jamais avorter une
    sequence » — avait ete appliquee a `threshold_alert` (v5.7), a
    `fire_smoke_critical_alert` (5 appels sur 5) et jusque dans
    `script.nuki_verifier_serrure`. Elle avait ete oubliee ici : ce blueprint
    ne portait **aucun** `continue_on_error`, contre 13 dans `threshold_alert`
    et 17 dans le blueprint incendie.

    **Et le raisonnement de la v5.7 ne couvrait pas ce cas — il l'aggrave.**
    Ce changelog-la justifiait le flag en notant que HA dispatche EN PARALLELE
    les entites d'un meme appel, preuve a l'appui. C'est exact, et c'est
    precisement pourquoi ca ne s'applique pas ici : un `for_each` produit des
    appels SUCCESSIFS. Une exception sur `ntfy_emergency` — premier de la liste
    dans les deux instances — avorte la sequence AVANT l'email.

    Scenario reel : derive de volume persistante pendant une coupure Internet,
    ce qui n'est pas une coincidence improbable puisque la meme coupure degrade
    la liaison AirPlay. La chambre s'allume a 100 %, ntfy echoue, l'email ne
    part jamais, et personne ne sait pourquoi la lumiere s'est allumee.

    Trouve par l'audit externe du 04/09/2026 (constat R2). Une ligne, aucun
    effet sur le comportement nominal.


    Verrouille le volume d'un lecteur média (HomePod, enceinte AirPlay…) à une
    valeur fixe, et le rétablit dès qu'il en dévie — dans un sens comme dans
    l'autre. Coupe optionnellement la lecture quand un mode nuit est actif.


    **Cas d'usage typique :** une enceinte dont le volume ne doit jamais
    bouger, que la dérive vienne d'un capteur tactile défectueux, d'une
    manipulation involontaire, ou d'une application tierce.


    ## Les 3 mécanismes de correction

    Ils sont complémentaires et se rattrapent mutuellement :


    1. **Au démarrage de la lecture** — le volume est forcé dès que le lecteur
    passe en lecture.


    2. **À chaque changement de volume (événementiel)** — déclenchement sur
    *chaque* valeur reçue, pas seulement au franchissement d'un seuil. C'est
    volontairement plus agressif qu'un `numeric_state above/below` : mesuré sur
    l'installation d'origine, la version à seuil laissait passer des séries de
    8 à 10 valeurs non corrigées lors d'une rafale, contre 1 à 2 avec cette
    approche.


    3. **Watchdog** — se déclenche si le volume reste hors cible *sans
    interruption* pendant la durée configurée. Filet de sécurité si un
    changement de volume n'a jamais produit d'événement côté Home Assistant :
    événement perdu, redémarrage de HA, reconnexion de l'intégration laissant
    une valeur obsolète.


    > **v1.1** — le watchdog était un `time_pattern` (vérification à intervalle
    > fixe). Remplacé par un trigger `template` avec `for:` : même couverture,
    > mais il ne s'exécute que lorsqu'il y a réellement une dérive à rattraper.
    > Le `time_pattern` créait une exécution — et donc une trace — à chaque
    > intervalle même quand tout allait bien : Home Assistant ne conservant que
    > 5 traces par automation, l'historique de débogage était intégralement
    > écrasé en moins de 3 minutes. Constaté en production dès le premier jour.


    ## ⚠️ Limite connue, à comprendre avant d'installer

    Aucun de ces mécanismes ne peut gagner une course contre une **source
    concurrente qui écrit en continu** — un doigt maintenu sur une surface
    tactile, par exemple. Tant que le flux de nouvelles valeurs ne s'arrête
    pas, chaque correction est écrasée par la valeur suivante avant d'avoir pu
    se poser. Mesuré : pics jusqu'à 3× la valeur cible pendant un maintien de
    quelques secondes. La correction reprend immédiatement dès que le flux
    s'arrête. Cette limite est structurelle (latence réseau vers l'appareil),
    pas un défaut de réglage — ce blueprint protège contre les dérives
    *persistantes*, pas contre les pics *transitoires* d'un geste actif.


    ## Suspension pendant les annonces vocales

    Si un helper « annonce en cours » est renseigné, toute correction est
    suspendue tant qu'il est actif. Indispensable si un script d'annonce (TTS)
    monte volontairement le volume : sans ça, le verrou et l'annonce se
    battent, et la coupure du mode nuit peut tuer le message en plein milieu.


    ## v1.2 — Alerte si le problème persiste vraiment

    Nouveau 4ème mécanisme, optionnel : si le volume reste hors cible **sans
    interruption** pendant une durée configurable, plus longue que celle du
    watchdog, une lumière s'allume et/ou une notification part. Le principe :
    la correction événementielle et le watchdog continuent d'agir
    indépendamment (ils ne s'arrêtent jamais), mais si malgré ça le volume
    reste bloqué en continu bien plus longtemps que ce qu'un geste humain
    peut produire, c'est le signe d'un vrai problème matériel — celui qui a
    causé l'incident fondateur de ce blueprint (21 minutes de dérive
    ininterrompue, sans que personne ne le sache avant le lendemain).


    > **Réglage important** : mettre ce délai *au-dessus* du délai du
    > watchdog (section 4). Comme les deux utilisent la même détection
    > (« hors cible en continu »), un délai d'alerte plus court que le
    > watchdog déclencherait l'alerte avant même que le watchdog n'ait eu sa
    > chance d'agir — sur une simple manipulation un peu insistante, pas
    > seulement sur une vraie panne.


    ## v1.3 — Correctif : plantage si `volume_level` disparaît

    La branche de correction événementielle lisait l'attribut via
    `trigger.to_state.attributes.volume_level`, un accès direct qui lève une
    erreur si l'attribut est absent — ce qui arrive quand le lecteur décroche
    (`ConnectionRefusedError` côté intégration, dict d'attributs sans
    `volume_level`). Remplacé par `state_attr(media_player_entity,
    'volume_level')`, qui renvoie `None` proprement au lieu de planter — le
    même motif déjà utilisé par le watchdog et l'alerte de panne persistante.


    ## v1.4 — Accents manquants dans la notification d'alerte

    Le titre et le message de la notification d'alerte (panne persistante)
    étaient écrits en ASCII pur depuis la création du blueprint : « Volume
    bloque », « verrouillee », « A verifier ». Corrigé en « Volume bloqué »,
    « verrouillée », « À vérifier ». Repéré lors d'un audit orthographique
    complet de toutes les notifications de l'installation (17/08/2026) — ce
    même bug existait aussi dans plusieurs automations non liées à ce
    blueprint, corrigées séparément.
  domain: automation
  source_url: https://github.com/lobdt/homeassistant-config/blob/main/blueprints/automation/lobdt/media_volume_lock.yaml

  input:
    section_player:
      name: 1️⃣ Lecteur et volume
      icon: mdi:speaker
      collapsed: false
      input:
        media_player_entity:
          name: Lecteur média
          description: L'enceinte dont le volume doit rester verrouillé.
          selector:
            entity:
              filter:
                - domain: media_player

        target_volume_pct:
          name: Volume cible
          description: >
            La valeur à laquelle le volume est verrouillé, en pourcentage.
            Toute déviation est corrigée vers cette valeur.
          default: 25
          selector:
            number:
              min: 1
              max: 100
              step: 1
              unit_of_measurement: "%"
              mode: slider

    section_guards:
      name: 2️⃣ Garde-fous
      icon: mdi:shield-check-outline
      collapsed: false
      input:
        tts_flag:
          name: Helper « annonce vocale en cours » (optionnel)
          description: >
            Tant que ce booléen est actif, l'automation ne touche à rien.
            À renseigner si un script d'annonce monte volontairement le volume.
            Laisser vide si aucune annonce ne passe par ce lecteur.
          default: []
          selector:
            entity:
              multiple: true
              filter:
                - domain: input_boolean

        sleep_mode_flag:
          name: Helper « mode nuit » (optionnel)
          description: >
            Quand ce booléen s'active pendant une lecture, ou quand une lecture
            démarre alors qu'il est déjà actif, la lecture est mise en pause.
            Laisser vide pour désactiver toute la logique de coupure nocturne.
          default: []
          selector:
            entity:
              multiple: true
              filter:
                - domain: input_boolean

    section_pause:
      name: 3️⃣ Mise en pause automatique
      icon: mdi:pause-octagon-outline
      collapsed: true
      input:
        pause_delay_sleep_seconds:
          name: Délai avant pause — mode nuit actif
          description: >
            Secondes d'attente avant de mettre en pause quand le mode nuit est
            actif. 0 = coupure immédiate. Un court délai (2-3 s) laisse le temps
            à une annonce déjà lancée de se terminer.
          default: 0
          selector:
            number:
              min: 0
              max: 60
              step: 1
              unit_of_measurement: s
              mode: box

        auto_pause_normal_minutes:
          name: Pause automatique hors mode nuit
          description: >
            Minutes après le démarrage de la lecture avant mise en pause, quand
            le mode nuit n'est PAS actif. **0 = désactivé** (le lecteur joue
            aussi longtemps que voulu). Ne mettre une valeur que pour une
            enceinte dédiée aux annonces courtes, jamais pour de l'écoute réelle.
          default: 0
          selector:
            number:
              min: 0
              max: 240
              step: 1
              unit_of_measurement: min
              mode: box

    section_watchdog:
      name: 4️⃣ Watchdog périodique
      icon: mdi:timer-sync-outline
      collapsed: true
      input:
        watchdog_seconds:
          name: Durée avant rattrapage
          description: >
            Si le volume reste hors cible **sans interruption** pendant cette
            durée, le watchdog force la correction. Ne se déclenche donc que
            si la correction événementielle a échoué ou n'a jamais eu lieu
            (événement perdu, redémarrage, intégration déconnectée).
          default: 30
          selector:
            number:
              min: 10
              max: 300
              step: 5
              unit_of_measurement: s
              mode: box

    section_alert:
      name: 5️⃣ Alerte si panne persistante (optionnel)
      icon: mdi:alert-octagon-outline
      collapsed: true
      input:
        escalation_seconds:
          name: Délai avant alerte de panne
          description: >
            Si le volume reste hors cible SANS INTERRUPTION pendant cette
            durée, déclenche l'alerte visuelle/notification ci-dessous — en
            plus de la correction normale, qui continue d'agir
            indépendamment et ne s'arrête jamais. À régler au-dessus du délai
            du watchdog (section 4) : voir l'avertissement plus haut dans
            cette page.
          default: 300
          selector:
            number:
              min: 1
              max: 1800
              step: 1
              unit_of_measurement: s
              mode: slider

        alert_light_entity:
          name: Lumière d'alerte (optionnel)
          description: >
            S'allume à 100% si le délai ci-dessus est atteint. Laisser vide
            pour désactiver l'alerte visuelle.
          default: ""
          selector:
            entity:
              filter:
                - domain: light

        alert_notify_targets:
          name: Notifications d'alerte (optionnel)
          description: >
            Envoie un message à chacune de ces entités si le délai ci-dessus
            est atteint. Laisser vide pour désactiver. Exemple : un canal
            ntfy critique et une entité email.
          default: []
          selector:
            entity:
              multiple: true
              filter:
                - domain: notify

# Variables dédiées aux triggers : un `!input` ne peut pas être utilisé
# directement dans un template, et le bloc `variables:` classique n'est pas
# disponible au moment de l'évaluation des triggers.
trigger_variables:
  tv_media_player_entity: !input media_player_entity
  tv_target_volume_pct: !input target_volume_pct

variables:
  media_player_entity: !input media_player_entity
  target_volume_pct: !input target_volume_pct
  tts_flag: !input tts_flag
  sleep_mode_flag: !input sleep_mode_flag
  auto_pause_normal_minutes: !input auto_pause_normal_minutes
  alert_light_entity: !input alert_light_entity
  alert_notify_targets: !input alert_notify_targets
  escalation_seconds: !input escalation_seconds

triggers:
  - trigger: state
    entity_id: !input media_player_entity
    to: playing
    id: playing

  - trigger: state
    entity_id: !input media_player_entity
    attribute: volume_level
    id: vol_drift

  - trigger: state
    entity_id: !input sleep_mode_flag
    to: "on"
    id: sleep_on

  # v1.6 — Reprise au demarrage. Les deux declencheurs `template` ci-dessous
  # ne s'arment PAS si leur template est deja vrai au moment ou ils sont
  # attaches : mesure du 06/09/2026, contre-epreuve incluse. Sans ce
  # declencheur, un volume deja hors cible au demarrage de HA n'etait jamais
  # corrige — ni par le watchdog, ni par l'escalade — et il ne restait que la
  # derive evenementielle, qui exige un NOUVEAU changement de volume.
  - trigger: homeassistant
    event: start
    id: demarrage

  # Watchdog : se déclenche UNIQUEMENT si le volume reste hors cible en continu
  # pendant la durée configurée. Un `time_pattern` ferait le même travail, mais
  # créerait une exécution (et une trace) à chaque intervalle même quand tout va
  # bien — ce qui noie l'historique de traces, limité à 5 par automation, et rend
  # tout débogage impossible. Ici, une trace = un vrai problème.
  - trigger: template
    value_template: >
      {% set v = state_attr(tv_media_player_entity, 'volume_level') %}
      {{ states(tv_media_player_entity) in ['playing', 'paused', 'idle']
         and v is not none
         and (v - (tv_target_volume_pct | float(25) / 100)) | abs > 0.001 }}
    for:
      seconds: !input watchdog_seconds
    id: watchdog

  # Alerte de panne : meme detection que le watchdog, mais avec un delai
  # nettement plus long. Ne peut se declencher que si le probleme persiste
  # bien au-dela de ce qu'un geste humain (meme un maintien continu du
  # tactile) produit en pratique.
  - trigger: template
    value_template: >
      {% set v = state_attr(tv_media_player_entity, 'volume_level') %}
      {{ states(tv_media_player_entity) in ['playing', 'paused', 'idle']
         and v is not none
         and (v - (tv_target_volume_pct | float(25) / 100)) | abs > 0.001 }}
    for:
      seconds: !input escalation_seconds
    id: critical

conditions:
  # Suspension totale pendant une annonce vocale (si le helper est renseigné).
  - condition: template
    value_template: >
      {{ tts_flag | count == 0
         or expand(tts_flag) | selectattr('state', 'eq', 'on') | list | count == 0 }}

actions:
  - choose:
      # ── Dérive de volume (événementiel) ────────────────────────────────
      - alias: Volume devie hors cible - correction immediate
        conditions:
          - condition: trigger
            id: vol_drift
          - condition: template
            value_template: >
              {% set v = state_attr(media_player_entity, 'volume_level') %}
              {{ v is not none
                 and (v - (target_volume_pct | float(25) / 100)) | abs > 0.001 }}
        sequence:
          - action: media_player.volume_set
            target:
              entity_id: !input media_player_entity
            data:
              volume_level: "{{ target_volume_pct | float(25) / 100 }}"

      # ── Watchdog periodique ────────────────────────────────────────────
      - alias: Watchdog - rattrape une derive dont l'evenement s'est perdu
        conditions:
          - condition: trigger
            id:
              - watchdog
              - demarrage
        sequence:
          # v1.6 — au demarrage seulement : laisser l'integration du lecteur
          # se connecter avant de juger. Quand HA annonce `start`, apple_tv
          # peut encore etre en cours de connexion et l'entite `unavailable` ;
          # la verification tomberait alors dans le vide. On reutilise
          # watchdog_seconds plutot qu'une valeur en dur : c'est deja le delai
          # que l'instance juge acceptable avant de corriger.
          - if:
              - condition: trigger
                id: demarrage
            then:
              - delay:
                  seconds: !input watchdog_seconds
          # La verification est DANS la sequence et non dans `conditions:`,
          # parce qu'elle doit etre faite APRES le delai. Pour le declencheur
          # watchdog le comportement est inchange : il l'evalue juste un cran
          # plus tard, et une condition fausse arrete la sequence.
          - condition: template
            value_template: >
              {% set st = states(media_player_entity) %}
              {% set v = state_attr(media_player_entity, 'volume_level') %}
              {{ st in ['playing', 'paused', 'idle']
                 and v is not none
                 and (v - (target_volume_pct | float(25) / 100)) | abs > 0.001 }}
          - action: media_player.volume_set
            target:
              entity_id: !input media_player_entity
            data:
              volume_level: "{{ target_volume_pct | float(25) / 100 }}"

      # ── Demarrage de lecture ───────────────────────────────────────────
      - alias: Lecture demarree - force le volume puis gere la pause auto
        conditions:
          - condition: trigger
            id: playing
        sequence:
          - action: media_player.volume_set
            target:
              entity_id: !input media_player_entity
            data:
              volume_level: "{{ target_volume_pct | float(25) / 100 }}"
          - choose:
              # Mode nuit deja actif au demarrage -> pause
              - alias: Mode nuit deja actif
                conditions:
                  - condition: template
                    value_template: >
                      {{ sleep_mode_flag | count > 0
                         and expand(sleep_mode_flag)
                             | selectattr('state', 'eq', 'on') | list | count > 0 }}
                sequence:
                  - delay:
                      seconds: !input pause_delay_sleep_seconds
                  - action: media_player.media_pause
                    target:
                      entity_id: !input media_player_entity
              # Hors mode nuit -> pause auto seulement si configuree
              - alias: Hors mode nuit et pause auto configuree
                conditions:
                  - condition: template
                    value_template: "{{ auto_pause_normal_minutes | int(0) > 0 }}"
                sequence:
                  - delay:
                      minutes: !input auto_pause_normal_minutes
                  - action: media_player.media_pause
                    target:
                      entity_id: !input media_player_entity

      # ── Le mode nuit s'active pendant la lecture ───────────────────────
      - alias: Mode nuit active pendant la lecture - pause
        conditions:
          - condition: trigger
            id: sleep_on
          - condition: state
            entity_id: !input media_player_entity
            state: playing
        sequence:
          - delay:
              seconds: !input pause_delay_sleep_seconds
          - action: media_player.media_pause
            target:
              entity_id: !input media_player_entity

      # ── Panne persistante (v1.2) ───────────────────────────────────────
      # Purement informatif : ne corrige rien elle-meme (le watchdog et le
      # trigger evenementiel continuent d'agir independamment). Alerte
      # seulement si une lumiere et/ou une notification ont ete configurees.
      - alias: Deviation persistante - alerte visuelle et notification
        conditions:
          - condition: trigger
            id: critical
        sequence:
          - if:
              - condition: template
                value_template: "{{ alert_light_entity not in [none, ''] }}"
            then:
              - action: light.turn_on
                target:
                  entity_id: "{{ alert_light_entity }}"
                data:
                  brightness_pct: 100
          - repeat:
              for_each: "{{ alert_notify_targets }}"
              sequence:
                # v1.5 : continue_on_error INDISPENSABLE ICI, et pour une
                # raison differente de celle du P0 du 16/08 sur
                # threshold_alert. La-bas, un seul notify.send_message ciblait
                # plusieurs entites, et HA les dispatche EN PARALLELE : un
                # canal en panne ne bloquait pas les autres, le flag ne servait
                # qu'a empecher la propagation fatale.
                # Ici c'est un for_each, donc des appels SUCCESSIFS. Une
                # exception sur ntfy_emergency -- premier de la liste dans les
                # deux instances -- avorte la sequence AVANT l'email. Le cas
                # est structurellement plus grave que celui qui a motive la
                # v5.7, pas moins.
                # Scenario : derive de volume pendant une coupure Internet,
                # ce qui n'est pas une coincidence improbable puisque la meme
                # coupure degrade la liaison AirPlay. La chambre s'allume a
                # 100 %, ntfy echoue, l'email ne part jamais, personne ne sait
                # pourquoi la lumiere s'est allumee.
                # Trouve par l'audit externe du 04/09/2026 (constat R2).
                - action: notify.send_message
                  continue_on_error: true
                  target:
                    entity_id: "{{ repeat.item }}"
                  data:
                    title: "⚠️ Volume bloqué"
                    message: >
                      {{ state_attr(media_player_entity, 'friendly_name')
                         or media_player_entity }} : le volume reste hors de
                      sa valeur verrouillée ({{ target_volume_pct }}%) depuis
                      plus de {{ escalation_seconds }} secondes sans
                      interruption. À vérifier.

# parallel : une correction de volume ne doit jamais etre jetee parce qu'une
# autre instance tourne encore (les delais de pause peuvent durer plusieurs
# minutes). max eleve car chaque correction ne dure que ~50-90 ms : en rafale,
# un max trop bas fait silencieusement tomber des declenchements.
mode: parallel
max: 100
